// !$*UTF8*$!
{
	archiveVersion = 1;
	classes = {
	};
	objectVersion = 48;
	objects = {

/* Begin PBXBuildFile section */
		220B1C95205A75E500EE68BF /* mars.framework in Frameworks */ = {isa = PBXBuildFile; fileRef = 220B1C94205A75E500EE68BF /* mars.framework */; };
		220B1C97205A762400EE68BF /* libresolv.9.tbd in Frameworks */ = {isa = PBXBuildFile; fileRef = 220B1C96205A762400EE68BF /* libresolv.9.tbd */; };
		220B1DB2205A78DF00EE68BF /* Chat.pbobjc.m in Sources */ = {isa = PBXBuildFile; fileRef = 220B1D47205A78DF00EE68BF /* Chat.pbobjc.m */; settings = {COMPILER_FLAGS = "-fno-objc-arc"; }; };
		220B1DB3205A78DF00EE68BF /* chat.proto in Resources */ = {isa = PBXBuildFile; fileRef = 220B1D48205A78DF00EE68BF /* chat.proto */; };
		220B1DB4205A78DF00EE68BF /* Main.pbobjc.m in Sources */ = {isa = PBXBuildFile; fileRef = 220B1D4A205A78DF00EE68BF /* Main.pbobjc.m */; settings = {COMPILER_FLAGS = "-fno-objc-arc"; }; };
		220B1DB5205A78DF00EE68BF /* main.proto in Resources */ = {isa = PBXBuildFile; fileRef = 220B1D4B205A78DF00EE68BF /* main.proto */; };
		220B1DB6205A78DF00EE68BF /* Messagepush.pbobjc.m in Sources */ = {isa = PBXBuildFile; fileRef = 220B1D4D205A78DF00EE68BF /* Messagepush.pbobjc.m */; settings = {COMPILER_FLAGS = "-fno-objc-arc"; }; };
		220B1DB7205A78DF00EE68BF /* messagepush.proto in Resources */ = {isa = PBXBuildFile; fileRef = 220B1D4E205A78DF00EE68BF /* messagepush.proto */; };
		220B1DB8205A78DF00EE68BF /* Person.pbobjc.m in Sources */ = {isa = PBXBuildFile; fileRef = 220B1D50205A78DF00EE68BF /* Person.pbobjc.m */; settings = {COMPILER_FLAGS = "-fno-objc-arc"; }; };
		220B1DB9205A78DF00EE68BF /* Person.proto in Resources */ = {isa = PBXBuildFile; fileRef = 220B1D51205A78DF00EE68BF /* Person.proto */; };
		220B1DBA205A78DF00EE68BF /* app_callback.mm in Sources */ = {isa = PBXBuildFile; fileRef = 220B1D54205A78DF00EE68BF /* app_callback.mm */; };
		220B1DBB205A78DF00EE68BF /* CGITask.mm in Sources */ = {isa = PBXBuildFile; fileRef = 220B1D56205A78DF00EE68BF /* CGITask.mm */; };
		220B1DBC205A78DF00EE68BF /* NetworkStatus.m in Sources */ = {isa = PBXBuildFile; fileRef = 220B1D58205A78DF00EE68BF /* NetworkStatus.m */; };
		220B1DBD205A78DF00EE68BF /* stn_callback.mm in Sources */ = {isa = PBXBuildFile; fileRef = 220B1D5A205A78DF00EE68BF /* stn_callback.mm */; };
		220B1DBE205A78DF00EE68BF /* LogHelper.mm in Sources */ = {isa = PBXBuildFile; fileRef = 220B1D5D205A78DF00EE68BF /* LogHelper.mm */; };
		220B1DBF205A78DF00EE68BF /* LogUtil.m in Sources */ = {isa = PBXBuildFile; fileRef = 220B1D5F205A78DF00EE68BF /* LogUtil.m */; };
		220B1DC0205A78DF00EE68BF /* longlink_packer.cc in Sources */ = {isa = PBXBuildFile; fileRef = 220B1D62205A78DF00EE68BF /* longlink_packer.cc */; };
		220B1DC1205A78DF00EE68BF /* mars.framework in Frameworks */ = {isa = PBXBuildFile; fileRef = 220B1D64205A78DF00EE68BF /* mars.framework */; };
		220B1DC2205A78DF00EE68BF /* shortlink_packer.cc in Sources */ = {isa = PBXBuildFile; fileRef = 220B1D65205A78DF00EE68BF /* shortlink_packer.cc */; };
		220B1DC3205A78DF00EE68BF /* GPBArray.m in Sources */ = {isa = PBXBuildFile; fileRef = 220B1D6B205A78DF00EE68BF /* GPBArray.m */; settings = {COMPILER_FLAGS = "-fno-objc-arc"; }; };
		220B1DC4205A78DF00EE68BF /* GPBCodedInputStream.m in Sources */ = {isa = PBXBuildFile; fileRef = 220B1D6F205A78DF00EE68BF /* GPBCodedInputStream.m */; settings = {COMPILER_FLAGS = "-fno-objc-arc"; }; };
		220B1DC5205A78DF00EE68BF /* GPBCodedOutputStream.m in Sources */ = {isa = PBXBuildFile; fileRef = 220B1D72205A78DF00EE68BF /* GPBCodedOutputStream.m */; settings = {COMPILER_FLAGS = "-fno-objc-arc"; }; };
		220B1DC6205A78DF00EE68BF /* GPBDescriptor.m in Sources */ = {isa = PBXBuildFile; fileRef = 220B1D75205A78DF00EE68BF /* GPBDescriptor.m */; settings = {COMPILER_FLAGS = "-fno-objc-arc"; }; };
		220B1DC7205A78DF00EE68BF /* GPBDictionary.m in Sources */ = {isa = PBXBuildFile; fileRef = 220B1D78205A78DF00EE68BF /* GPBDictionary.m */; settings = {COMPILER_FLAGS = "-fno-objc-arc"; }; };
		220B1DC8205A78DF00EE68BF /* GPBExtensionInternals.m in Sources */ = {isa = PBXBuildFile; fileRef = 220B1D7B205A78DF00EE68BF /* GPBExtensionInternals.m */; settings = {COMPILER_FLAGS = "-fno-objc-arc"; }; };
		220B1DC9205A78DF00EE68BF /* GPBExtensionRegistry.m in Sources */ = {isa = PBXBuildFile; fileRef = 220B1D7D205A78DF00EE68BF /* GPBExtensionRegistry.m */; settings = {COMPILER_FLAGS = "-fno-objc-arc"; }; };
		220B1DCA205A78DF00EE68BF /* GPBMessage.m in Sources */ = {isa = PBXBuildFile; fileRef = 220B1D7F205A78DF00EE68BF /* GPBMessage.m */; settings = {COMPILER_FLAGS = "-fno-objc-arc"; }; };
		220B1DCB205A78DF00EE68BF /* GPBRootObject.m in Sources */ = {isa = PBXBuildFile; fileRef = 220B1D84205A78DF00EE68BF /* GPBRootObject.m */; settings = {COMPILER_FLAGS = "-fno-objc-arc"; }; };
		220B1DCC205A78DF00EE68BF /* GPBUnknownField.m in Sources */ = {isa = PBXBuildFile; fileRef = 220B1D88205A78DF00EE68BF /* GPBUnknownField.m */; settings = {COMPILER_FLAGS = "-fno-objc-arc"; }; };
		220B1DCD205A78DF00EE68BF /* GPBUnknownFieldSet.m in Sources */ = {isa = PBXBuildFile; fileRef = 220B1D8B205A78DF00EE68BF /* GPBUnknownFieldSet.m */; settings = {COMPILER_FLAGS = "-fno-objc-arc"; }; };
		220B1DCE205A78DF00EE68BF /* GPBUtilities.m in Sources */ = {isa = PBXBuildFile; fileRef = 220B1D8E205A78DF00EE68BF /* GPBUtilities.m */; settings = {COMPILER_FLAGS = "-fno-objc-arc"; }; };
		220B1DCF205A78DF00EE68BF /* GPBWellKnownTypes.m in Sources */ = {isa = PBXBuildFile; fileRef = 220B1D91205A78DF00EE68BF /* GPBWellKnownTypes.m */; settings = {COMPILER_FLAGS = "-fno-objc-arc"; }; };
		220B1DD0205A78DF00EE68BF /* GPBWireFormat.m in Sources */ = {isa = PBXBuildFile; fileRef = 220B1D93205A78DF00EE68BF /* GPBWireFormat.m */; settings = {COMPILER_FLAGS = "-fno-objc-arc"; }; };
		220B1DD1205A78DF00EE68BF /* Any.pbobjc.m in Sources */ = {isa = PBXBuildFile; fileRef = 220B1D96205A78DF00EE68BF /* Any.pbobjc.m */; settings = {COMPILER_FLAGS = "-fno-objc-arc"; }; };
		220B1DD2205A78DF00EE68BF /* Api.pbobjc.m in Sources */ = {isa = PBXBuildFile; fileRef = 220B1D98205A78DF00EE68BF /* Api.pbobjc.m */; settings = {COMPILER_FLAGS = "-fno-objc-arc"; }; };
		220B1DD3205A78DF00EE68BF /* Duration.pbobjc.m in Sources */ = {isa = PBXBuildFile; fileRef = 220B1D9A205A78DF00EE68BF /* Duration.pbobjc.m */; };
		220B1DD4205A78DF00EE68BF /* Empty.pbobjc.m in Sources */ = {isa = PBXBuildFile; fileRef = 220B1D9C205A78DF00EE68BF /* Empty.pbobjc.m */; settings = {COMPILER_FLAGS = "-fno-objc-arc"; }; };
		220B1DD5205A78DF00EE68BF /* FieldMask.pbobjc.m in Sources */ = {isa = PBXBuildFile; fileRef = 220B1D9E205A78DF00EE68BF /* FieldMask.pbobjc.m */; settings = {COMPILER_FLAGS = "-fno-objc-arc"; }; };
		220B1DD6205A78DF00EE68BF /* SourceContext.pbobjc.m in Sources */ = {isa = PBXBuildFile; fileRef = 220B1DA0205A78DF00EE68BF /* SourceContext.pbobjc.m */; settings = {COMPILER_FLAGS = "-fno-objc-arc"; }; };
		220B1DD7205A78DF00EE68BF /* Struct.pbobjc.m in Sources */ = {isa = PBXBuildFile; fileRef = 220B1DA2205A78DF00EE68BF /* Struct.pbobjc.m */; settings = {COMPILER_FLAGS = "-fno-objc-arc"; }; };
		220B1DD8205A78DF00EE68BF /* Timestamp.pbobjc.m in Sources */ = {isa = PBXBuildFile; fileRef = 220B1DA4205A78DF00EE68BF /* Timestamp.pbobjc.m */; };
		220B1DD9205A78DF00EE68BF /* Type.pbobjc.m in Sources */ = {isa = PBXBuildFile; fileRef = 220B1DA6205A78DF00EE68BF /* Type.pbobjc.m */; settings = {COMPILER_FLAGS = "-fno-objc-arc"; }; };
		220B1DDA205A78DF00EE68BF /* Wrappers.pbobjc.m in Sources */ = {isa = PBXBuildFile; fileRef = 220B1DA8205A78DF00EE68BF /* Wrappers.pbobjc.m */; settings = {COMPILER_FLAGS = "-fno-objc-arc"; }; };
		220B1DDB205A78DF00EE68BF /* LongLinkTool.mm in Sources */ = {isa = PBXBuildFile; fileRef = 220B1DAC205A78DF00EE68BF /* LongLinkTool.mm */; };
		220B1DDC205A78DF00EE68BF /* NetworkService.mm in Sources */ = {isa = PBXBuildFile; fileRef = 220B1DAF205A78DF00EE68BF /* NetworkService.mm */; };
		22B4CA9A205A427800CBD82F /* AppDelegate.m in Sources */ = {isa = PBXBuildFile; fileRef = 22B4CA99205A427800CBD82F /* AppDelegate.m */; };
		22B4CA9D205A427800CBD82F /* ViewController.m in Sources */ = {isa = PBXBuildFile; fileRef = 22B4CA9C205A427800CBD82F /* ViewController.m */; };
		22B4CAA0205A427800CBD82F /* Main.storyboard in Resources */ = {isa = PBXBuildFile; fileRef = 22B4CA9E205A427800CBD82F /* Main.storyboard */; };
		22B4CAA2205A427800CBD82F /* Assets.xcassets in Resources */ = {isa = PBXBuildFile; fileRef = 22B4CAA1205A427800CBD82F /* Assets.xcassets */; };
		22B4CAA5205A427800CBD82F /* LaunchScreen.storyboard in Resources */ = {isa = PBXBuildFile; fileRef = 22B4CAA3205A427800CBD82F /* LaunchScreen.storyboard */; };
		22B4CAA8205A427800CBD82F /* main.m in Sources */ = {isa = PBXBuildFile; fileRef = 22B4CAA7205A427800CBD82F /* main.m */; };
		22B4CB4D205A481600CBD82F /* Foundation.framework in Frameworks */ = {isa = PBXBuildFile; fileRef = 22B4CB4C205A481600CBD82F /* Foundation.framework */; };
		22B4CB4F205A482200CBD82F /* libz.tbd in Frameworks */ = {isa = PBXBuildFile; fileRef = 22B4CB4E205A482200CBD82F /* libz.tbd */; };
		22B4CB51205A482B00CBD82F /* SystemConfiguration.framework in Frameworks */ = {isa = PBXBuildFile; fileRef = 22B4CB50205A482B00CBD82F /* SystemConfiguration.framework */; };
		22B4CB53205A484100CBD82F /* CoreTelephony.framework in Frameworks */ = {isa = PBXBuildFile; fileRef = 22B4CB52205A484100CBD82F /* CoreTelephony.framework */; };
		22B4CB55205A485B00CBD82F /* UIKit.framework in Frameworks */ = {isa = PBXBuildFile; fileRef = 22B4CB54205A485B00CBD82F /* UIKit.framework */; };
		22B4CB57205A488800CBD82F /* libsqlite3.tbd in Frameworks */ = {isa = PBXBuildFile; fileRef = 22B4CB56205A488800CBD82F /* libsqlite3.tbd */; };
/* End PBXBuildFile section */

/* Begin PBXFileReference section */
		220B1C94205A75E500EE68BF /* mars.framework */ = {isa = PBXFileReference; lastKnownFileType = wrapper.framework; name = mars.framework; path = MarsIM/LongLink/Mars/Source/mars.framework; sourceTree = "<group>"; };
		220B1C96205A762400EE68BF /* libresolv.9.tbd */ = {isa = PBXFileReference; lastKnownFileType = "sourcecode.text-based-dylib-definition"; name = libresolv.9.tbd; path = usr/lib/libresolv.9.tbd; sourceTree = SDKROOT; };
		220B1D46205A78DF00EE68BF /* Chat.pbobjc.h */ = {isa = PBXFileReference; fileEncoding = 4; lastKnownFileType = sourcecode.c.h; path = Chat.pbobjc.h; sourceTree = "<group>"; };
		220B1D47205A78DF00EE68BF /* Chat.pbobjc.m */ = {isa = PBXFileReference; fileEncoding = 4; lastKnownFileType = sourcecode.c.objc; path = Chat.pbobjc.m; sourceTree = "<group>"; };
		220B1D48205A78DF00EE68BF /* chat.proto */ = {isa = PBXFileReference; fileEncoding = 4; lastKnownFileType = text; path = chat.proto; sourceTree = "<group>"; };
		220B1D49205A78DF00EE68BF /* Main.pbobjc.h */ = {isa = PBXFileReference; fileEncoding = 4; lastKnownFileType = sourcecode.c.h; path = Main.pbobjc.h; sourceTree = "<group>"; };
		220B1D4A205A78DF00EE68BF /* Main.pbobjc.m */ = {isa = PBXFileReference; fileEncoding = 4; lastKnownFileType = sourcecode.c.objc; path = Main.pbobjc.m; sourceTree = "<group>"; };
		220B1D4B205A78DF00EE68BF /* main.proto */ = {isa = PBXFileReference; fileEncoding = 4; lastKnownFileType = text; path = main.proto; sourceTree = "<group>"; };
		220B1D4C205A78DF00EE68BF /* Messagepush.pbobjc.h */ = {isa = PBXFileReference; fileEncoding = 4; lastKnownFileType = sourcecode.c.h; path = Messagepush.pbobjc.h; sourceTree = "<group>"; };
		220B1D4D205A78DF00EE68BF /* Messagepush.pbobjc.m */ = {isa = PBXFileReference; fileEncoding = 4; lastKnownFileType = sourcecode.c.objc; path = Messagepush.pbobjc.m; sourceTree = "<group>"; };
		220B1D4E205A78DF00EE68BF /* messagepush.proto */ = {isa = PBXFileReference; fileEncoding = 4; lastKnownFileType = text; path = messagepush.proto; sourceTree = "<group>"; };
		220B1D4F205A78DF00EE68BF /* Person.pbobjc.h */ = {isa = PBXFileReference; fileEncoding = 4; lastKnownFileType = sourcecode.c.h; path = Person.pbobjc.h; sourceTree = "<group>"; };
		220B1D50205A78DF00EE68BF /* Person.pbobjc.m */ = {isa = PBXFileReference; fileEncoding = 4; lastKnownFileType = sourcecode.c.objc; path = Person.pbobjc.m; sourceTree = "<group>"; };
		220B1D51205A78DF00EE68BF /* Person.proto */ = {isa = PBXFileReference; fileEncoding = 4; lastKnownFileType = text; path = Person.proto; sourceTree = "<group>"; };
		220B1D53205A78DF00EE68BF /* app_callback.h */ = {isa = PBXFileReference; fileEncoding = 4; lastKnownFileType = sourcecode.c.h; path = app_callback.h; sourceTree = "<group>"; };
		220B1D54205A78DF00EE68BF /* app_callback.mm */ = {isa = PBXFileReference; fileEncoding = 4; lastKnownFileType = sourcecode.cpp.objcpp; path = app_callback.mm; sourceTree = "<group>"; };
		220B1D55205A78DF00EE68BF /* CGITask.h */ = {isa = PBXFileReference; fileEncoding = 4; lastKnownFileType = sourcecode.c.h; path = CGITask.h; sourceTree = "<group>"; };
		220B1D56205A78DF00EE68BF /* CGITask.mm */ = {isa = PBXFileReference; fileEncoding = 4; lastKnownFileType = sourcecode.cpp.objcpp; path = CGITask.mm; sourceTree = "<group>"; };
		220B1D57205A78DF00EE68BF /* NetworkStatus.h */ = {isa = PBXFileReference; fileEncoding = 4; lastKnownFileType = sourcecode.c.h; path = NetworkStatus.h; sourceTree = "<group>"; };
		220B1D58205A78DF00EE68BF /* NetworkStatus.m */ = {isa = PBXFileReference; fileEncoding = 4; lastKnownFileType = sourcecode.c.objc; path = NetworkStatus.m; sourceTree = "<group>"; };
		220B1D59205A78DF00EE68BF /* stn_callback.h */ = {isa = PBXFileReference; fileEncoding = 4; lastKnownFileType = sourcecode.c.h; path = stn_callback.h; sourceTree = "<group>"; };
		220B1D5A205A78DF00EE68BF /* stn_callback.mm */ = {isa = PBXFileReference; fileEncoding = 4; lastKnownFileType = sourcecode.cpp.objcpp; path = stn_callback.mm; sourceTree = "<group>"; };
		220B1D5C205A78DF00EE68BF /* LogHelper.h */ = {isa = PBXFileReference; fileEncoding = 4; lastKnownFileType = sourcecode.c.h; path = LogHelper.h; sourceTree = "<group>"; };
		220B1D5D205A78DF00EE68BF /* LogHelper.mm */ = {isa = PBXFileReference; fileEncoding = 4; lastKnownFileType = sourcecode.cpp.objcpp; path = LogHelper.mm; sourceTree = "<group>"; };
		220B1D5E205A78DF00EE68BF /* LogUtil.h */ = {isa = PBXFileReference; fileEncoding = 4; lastKnownFileType = sourcecode.c.h; path = LogUtil.h; sourceTree = "<group>"; };
		220B1D5F205A78DF00EE68BF /* LogUtil.m */ = {isa = PBXFileReference; fileEncoding = 4; lastKnownFileType = sourcecode.c.objc; path = LogUtil.m; sourceTree = "<group>"; };
		220B1D62205A78DF00EE68BF /* longlink_packer.cc */ = {isa = PBXFileReference; fileEncoding = 4; lastKnownFileType = sourcecode.cpp.cpp; path = longlink_packer.cc; sourceTree = "<group>"; };
		220B1D63205A78DF00EE68BF /* longlink_packer.h */ = {isa = PBXFileReference; fileEncoding = 4; lastKnownFileType = sourcecode.c.h; path = longlink_packer.h; sourceTree = "<group>"; };
		220B1D64205A78DF00EE68BF /* mars.framework */ = {isa = PBXFileReference; lastKnownFileType = wrapper.framework; path = mars.framework; sourceTree = "<group>"; };
		220B1D65205A78DF00EE68BF /* shortlink_packer.cc */ = {isa = PBXFileReference; fileEncoding = 4; lastKnownFileType = sourcecode.cpp.cpp; path = shortlink_packer.cc; sourceTree = "<group>"; };
		220B1D66205A78DF00EE68BF /* shortlink_packer.h */ = {isa = PBXFileReference; fileEncoding = 4; lastKnownFileType = sourcecode.c.h; path = shortlink_packer.h; sourceTree = "<group>"; };
		220B1D67205A78DF00EE68BF /* stnproto_logic.h */ = {isa = PBXFileReference; fileEncoding = 4; lastKnownFileType = sourcecode.c.h; path = stnproto_logic.h; sourceTree = "<group>"; };
		220B1D6A205A78DF00EE68BF /* GPBArray.h */ = {isa = PBXFileReference; fileEncoding = 4; lastKnownFileType = sourcecode.c.h; path = GPBArray.h; sourceTree = "<group>"; };
		220B1D6B205A78DF00EE68BF /* GPBArray.m */ = {isa = PBXFileReference; fileEncoding = 4; lastKnownFileType = sourcecode.c.objc; path = GPBArray.m; sourceTree = "<group>"; };
		220B1D6C205A78DF00EE68BF /* GPBArray_PackagePrivate.h */ = {isa = PBXFileReference; fileEncoding = 4; lastKnownFileType = sourcecode.c.h; path = GPBArray_PackagePrivate.h; sourceTree = "<group>"; };
		220B1D6D205A78DF00EE68BF /* GPBBootstrap.h */ = {isa = PBXFileReference; fileEncoding = 4; lastKnownFileType = sourcecode.c.h; path = GPBBootstrap.h; sourceTree = "<group>"; };
		220B1D6E205A78DF00EE68BF /* GPBCodedInputStream.h */ = {isa = PBXFileReference; fileEncoding = 4; lastKnownFileType = sourcecode.c.h; path = GPBCodedInputStream.h; sourceTree = "<group>"; };
		220B1D6F205A78DF00EE68BF /* GPBCodedInputStream.m */ = {isa = PBXFileReference; fileEncoding = 4; lastKnownFileType = sourcecode.c.objc; path = GPBCodedInputStream.m; sourceTree = "<group>"; };
		220B1D70205A78DF00EE68BF /* GPBCodedInputStream_PackagePrivate.h */ = {isa = PBXFileReference; fileEncoding = 4; lastKnownFileType = sourcecode.c.h; path = GPBCodedInputStream_PackagePrivate.h; sourceTree = "<group>"; };
		220B1D71205A78DF00EE68BF /* GPBCodedOutputStream.h */ = {isa = PBXFileReference; fileEncoding = 4; lastKnownFileType = sourcecode.c.h; path = GPBCodedOutputStream.h; sourceTree = "<group>"; };
		220B1D72205A78DF00EE68BF /* GPBCodedOutputStream.m */ = {isa = PBXFileReference; fileEncoding = 4; lastKnownFileType = sourcecode.c.objc; path = GPBCodedOutputStream.m; sourceTree = "<group>"; };
		220B1D73205A78DF00EE68BF /* GPBCodedOutputStream_PackagePrivate.h */ = {isa = PBXFileReference; fileEncoding = 4; lastKnownFileType = sourcecode.c.h; path = GPBCodedOutputStream_PackagePrivate.h; sourceTree = "<group>"; };
		220B1D74205A78DF00EE68BF /* GPBDescriptor.h */ = {isa = PBXFileReference; fileEncoding = 4; lastKnownFileType = sourcecode.c.h; path = GPBDescriptor.h; sourceTree = "<group>"; };
		220B1D75205A78DF00EE68BF /* GPBDescriptor.m */ = {isa = PBXFileReference; fileEncoding = 4; lastKnownFileType = sourcecode.c.objc; path = GPBDescriptor.m; sourceTree = "<group>"; };
		220B1D76205A78DF00EE68BF /* GPBDescriptor_PackagePrivate.h */ = {isa = PBXFileReference; fileEncoding = 4; lastKnownFileType = sourcecode.c.h; path = GPBDescriptor_PackagePrivate.h; sourceTree = "<group>"; };
		220B1D77205A78DF00EE68BF /* GPBDictionary.h */ = {isa = PBXFileReference; fileEncoding = 4; lastKnownFileType = sourcecode.c.h; path = GPBDictionary.h; sourceTree = "<group>"; };
		220B1D78205A78DF00EE68BF /* GPBDictionary.m */ = {isa = PBXFileReference; fileEncoding = 4; lastKnownFileType = sourcecode.c.objc; path = GPBDictionary.m; sourceTree = "<group>"; };
		220B1D79205A78DF00EE68BF /* GPBDictionary_PackagePrivate.h */ = {isa = PBXFileReference; fileEncoding = 4; lastKnownFileType = sourcecode.c.h; path = GPBDictionary_PackagePrivate.h; sourceTree = "<group>"; };
		220B1D7A205A78DF00EE68BF /* GPBExtensionInternals.h */ = {isa = PBXFileReference; fileEncoding = 4; lastKnownFileType = sourcecode.c.h; path = GPBExtensionInternals.h; sourceTree = "<group>"; };
		220B1D7B205A78DF00EE68BF /* GPBExtensionInternals.m */ = {isa = PBXFileReference; fileEncoding = 4; lastKnownFileType = sourcecode.c.objc; path = GPBExtensionInternals.m; sourceTree = "<group>"; };
		220B1D7C205A78DF00EE68BF /* GPBExtensionRegistry.h */ = {isa = PBXFileReference; fileEncoding = 4; lastKnownFileType = sourcecode.c.h; path = GPBExtensionRegistry.h; sourceTree = "<group>"; };
		220B1D7D205A78DF00EE68BF /* GPBExtensionRegistry.m */ = {isa = PBXFileReference; fileEncoding = 4; lastKnownFileType = sourcecode.c.objc; path = GPBExtensionRegistry.m; sourceTree = "<group>"; };
		220B1D7E205A78DF00EE68BF /* GPBMessage.h */ = {isa = PBXFileReference; fileEncoding = 4; lastKnownFileType = sourcecode.c.h; path = GPBMessage.h; sourceTree = "<group>"; };
		220B1D7F205A78DF00EE68BF /* GPBMessage.m */ = {isa = PBXFileReference; fileEncoding = 4; lastKnownFileType = sourcecode.c.objc; path = GPBMessage.m; sourceTree = "<group>"; };
		220B1D80205A78DF00EE68BF /* GPBMessage_PackagePrivate.h */ = {isa = PBXFileReference; fileEncoding = 4; lastKnownFileType = sourcecode.c.h; path = GPBMessage_PackagePrivate.h; sourceTree = "<group>"; };
		220B1D81205A78DF00EE68BF /* GPBProtocolBuffers.h */ = {isa = PBXFileReference; fileEncoding = 4; lastKnownFileType = sourcecode.c.h; path = GPBProtocolBuffers.h; sourceTree = "<group>"; };
		220B1D82205A78DF00EE68BF /* GPBProtocolBuffers_RuntimeSupport.h */ = {isa = PBXFileReference; fileEncoding = 4; lastKnownFileType = sourcecode.c.h; path = GPBProtocolBuffers_RuntimeSupport.h; sourceTree = "<group>"; };
		220B1D83205A78DF00EE68BF /* GPBRootObject.h */ = {isa = PBXFileReference; fileEncoding = 4; lastKnownFileType = sourcecode.c.h; path = GPBRootObject.h; sourceTree = "<group>"; };
		220B1D84205A78DF00EE68BF /* GPBRootObject.m */ = {isa = PBXFileReference; fileEncoding = 4; lastKnownFileType = sourcecode.c.objc; path = GPBRootObject.m; sourceTree = "<group>"; };
		220B1D85205A78DF00EE68BF /* GPBRootObject_PackagePrivate.h */ = {isa = PBXFileReference; fileEncoding = 4; lastKnownFileType = sourcecode.c.h; path = GPBRootObject_PackagePrivate.h; sourceTree = "<group>"; };
		220B1D86205A78DF00EE68BF /* GPBRuntimeTypes.h */ = {isa = PBXFileReference; fileEncoding = 4; lastKnownFileType = sourcecode.c.h; path = GPBRuntimeTypes.h; sourceTree = "<group>"; };
		220B1D87205A78DF00EE68BF /* GPBUnknownField.h */ = {isa = PBXFileReference; fileEncoding = 4; lastKnownFileType = sourcecode.c.h; path = GPBUnknownField.h; sourceTree = "<group>"; };
		220B1D88205A78DF00EE68BF /* GPBUnknownField.m */ = {isa = PBXFileReference; fileEncoding = 4; lastKnownFileType = sourcecode.c.objc; path = GPBUnknownField.m; sourceTree = "<group>"; };
		220B1D89205A78DF00EE68BF /* GPBUnknownField_PackagePrivate.h */ = {isa = PBXFileReference; fileEncoding = 4; lastKnownFileType = sourcecode.c.h; path = GPBUnknownField_PackagePrivate.h; sourceTree = "<group>"; };
		220B1D8A205A78DF00EE68BF /* GPBUnknownFieldSet.h */ = {isa = PBXFileReference; fileEncoding = 4; lastKnownFileType = sourcecode.c.h; path = GPBUnknownFieldSet.h; sourceTree = "<group>"; };
		220B1D8B205A78DF00EE68BF /* GPBUnknownFieldSet.m */ = {isa = PBXFileReference; fileEncoding = 4; lastKnownFileType = sourcecode.c.objc; path = GPBUnknownFieldSet.m; sourceTree = "<group>"; };
		220B1D8C205A78DF00EE68BF /* GPBUnknownFieldSet_PackagePrivate.h */ = {isa = PBXFileReference; fileEncoding = 4; lastKnownFileType = sourcecode.c.h; path = GPBUnknownFieldSet_PackagePrivate.h; sourceTree = "<group>"; };
		220B1D8D205A78DF00EE68BF /* GPBUtilities.h */ = {isa = PBXFileReference; fileEncoding = 4; lastKnownFileType = sourcecode.c.h; path = GPBUtilities.h; sourceTree = "<group>"; };
		220B1D8E205A78DF00EE68BF /* GPBUtilities.m */ = {isa = PBXFileReference; fileEncoding = 4; lastKnownFileType = sourcecode.c.objc; path = GPBUtilities.m; sourceTree = "<group>"; };
		220B1D8F205A78DF00EE68BF /* GPBUtilities_PackagePrivate.h */ = {isa = PBXFileReference; fileEncoding = 4; lastKnownFileType = sourcecode.c.h; path = GPBUtilities_PackagePrivate.h; sourceTree = "<group>"; };
		220B1D90205A78DF00EE68BF /* GPBWellKnownTypes.h */ = {isa = PBXFileReference; fileEncoding = 4; lastKnownFileType = sourcecode.c.h; path = GPBWellKnownTypes.h; sourceTree = "<group>"; };
		220B1D91205A78DF00EE68BF /* GPBWellKnownTypes.m */ = {isa = PBXFileReference; fileEncoding = 4; lastKnownFileType = sourcecode.c.objc; path = GPBWellKnownTypes.m; sourceTree = "<group>"; };
		220B1D92205A78DF00EE68BF /* GPBWireFormat.h */ = {isa = PBXFileReference; fileEncoding = 4; lastKnownFileType = sourcecode.c.h; path = GPBWireFormat.h; sourceTree = "<group>"; };
		220B1D93205A78DF00EE68BF /* GPBWireFormat.m */ = {isa = PBXFileReference; fileEncoding = 4; lastKnownFileType = sourcecode.c.objc; path = GPBWireFormat.m; sourceTree = "<group>"; };
		220B1D95205A78DF00EE68BF /* Any.pbobjc.h */ = {isa = PBXFileReference; fileEncoding = 4; lastKnownFileType = sourcecode.c.h; path = Any.pbobjc.h; sourceTree = "<group>"; };
		220B1D96205A78DF00EE68BF /* Any.pbobjc.m */ = {isa = PBXFileReference; fileEncoding = 4; lastKnownFileType = sourcecode.c.objc; path = Any.pbobjc.m; sourceTree = "<group>"; };
		220B1D97205A78DF00EE68BF /* Api.pbobjc.h */ = {isa = PBXFileReference; fileEncoding = 4; lastKnownFileType = sourcecode.c.h; path = Api.pbobjc.h; sourceTree = "<group>"; };
		220B1D98205A78DF00EE68BF /* Api.pbobjc.m */ = {isa = PBXFileReference; fileEncoding = 4; lastKnownFileType = sourcecode.c.objc; path = Api.pbobjc.m; sourceTree = "<group>"; };
		220B1D99205A78DF00EE68BF /* Duration.pbobjc.h */ = {isa = PBXFileReference; fileEncoding = 4; lastKnownFileType = sourcecode.c.h; path = Duration.pbobjc.h; sourceTree = "<group>"; };
		220B1D9A205A78DF00EE68BF /* Duration.pbobjc.m */ = {isa = PBXFileReference; fileEncoding = 4; lastKnownFileType = sourcecode.c.objc; path = Duration.pbobjc.m; sourceTree = "<group>"; };
		220B1D9B205A78DF00EE68BF /* Empty.pbobjc.h */ = {isa = PBXFileReference; fileEncoding = 4; lastKnownFileType = sourcecode.c.h; path = Empty.pbobjc.h; sourceTree = "<group>"; };
		220B1D9C205A78DF00EE68BF /* Empty.pbobjc.m */ = {isa = PBXFileReference; fileEncoding = 4; lastKnownFileType = sourcecode.c.objc; path = Empty.pbobjc.m; sourceTree = "<group>"; };
		220B1D9D205A78DF00EE68BF /* FieldMask.pbobjc.h */ = {isa = PBXFileReference; fileEncoding = 4; lastKnownFileType = sourcecode.c.h; path = FieldMask.pbobjc.h; sourceTree = "<group>"; };
		220B1D9E205A78DF00EE68BF /* FieldMask.pbobjc.m */ = {isa = PBXFileReference; fileEncoding = 4; lastKnownFileType = sourcecode.c.objc; path = FieldMask.pbobjc.m; sourceTree = "<group>"; };
		220B1D9F205A78DF00EE68BF /* SourceContext.pbobjc.h */ = {isa = PBXFileReference; fileEncoding = 4; lastKnownFileType = sourcecode.c.h; path = SourceContext.pbobjc.h; sourceTree = "<group>"; };
		220B1DA0205A78DF00EE68BF /* SourceContext.pbobjc.m */ = {isa = PBXFileReference; fileEncoding = 4; lastKnownFileType = sourcecode.c.objc; path = SourceContext.pbobjc.m; sourceTree = "<group>"; };
		220B1DA1205A78DF00EE68BF /* Struct.pbobjc.h */ = {isa = PBXFileReference; fileEncoding = 4; lastKnownFileType = sourcecode.c.h; path = Struct.pbobjc.h; sourceTree = "<group>"; };
		220B1DA2205A78DF00EE68BF /* Struct.pbobjc.m */ = {isa = PBXFileReference; fileEncoding = 4; lastKnownFileType = sourcecode.c.objc; path = Struct.pbobjc.m; sourceTree = "<group>"; };
		220B1DA3205A78DF00EE68BF /* Timestamp.pbobjc.h */ = {isa = PBXFileReference; fileEncoding = 4; lastKnownFileType = sourcecode.c.h; path = Timestamp.pbobjc.h; sourceTree = "<group>"; };
		220B1DA4205A78DF00EE68BF /* Timestamp.pbobjc.m */ = {isa = PBXFileReference; fileEncoding = 4; lastKnownFileType = sourcecode.c.objc; path = Timestamp.pbobjc.m; sourceTree = "<group>"; };
		220B1DA5205A78DF00EE68BF /* Type.pbobjc.h */ = {isa = PBXFileReference; fileEncoding = 4; lastKnownFileType = sourcecode.c.h; path = Type.pbobjc.h; sourceTree = "<group>"; };
		220B1DA6205A78DF00EE68BF /* Type.pbobjc.m */ = {isa = PBXFileReference; fileEncoding = 4; lastKnownFileType = sourcecode.c.objc; path = Type.pbobjc.m; sourceTree = "<group>"; };
		220B1DA7205A78DF00EE68BF /* Wrappers.pbobjc.h */ = {isa = PBXFileReference; fileEncoding = 4; lastKnownFileType = sourcecode.c.h; path = Wrappers.pbobjc.h; sourceTree = "<group>"; };
		220B1DA8205A78DF00EE68BF /* Wrappers.pbobjc.m */ = {isa = PBXFileReference; fileEncoding = 4; lastKnownFileType = sourcecode.c.objc; path = Wrappers.pbobjc.m; sourceTree = "<group>"; };
		220B1DAA205A78DF00EE68BF /* CommandID.h */ = {isa = PBXFileReference; fileEncoding = 4; lastKnownFileType = sourcecode.c.h; path = CommandID.h; sourceTree = "<group>"; };
		220B1DAB205A78DF00EE68BF /* LongLinkTool.h */ = {isa = PBXFileReference; fileEncoding = 4; lastKnownFileType = sourcecode.c.h; path = LongLinkTool.h; sourceTree = "<group>"; };
		220B1DAC205A78DF00EE68BF /* LongLinkTool.mm */ = {isa = PBXFileReference; fileEncoding = 4; lastKnownFileType = sourcecode.cpp.objcpp; path = LongLinkTool.mm; sourceTree = "<group>"; };
		220B1DAD205A78DF00EE68BF /* NetworkDelegate.h */ = {isa = PBXFileReference; fileEncoding = 4; lastKnownFileType = sourcecode.c.h; path = NetworkDelegate.h; sourceTree = "<group>"; };
		220B1DAE205A78DF00EE68BF /* NetworkService.h */ = {isa = PBXFileReference; fileEncoding = 4; lastKnownFileType = sourcecode.c.h; path = NetworkService.h; sourceTree = "<group>"; };
		220B1DAF205A78DF00EE68BF /* NetworkService.mm */ = {isa = PBXFileReference; fileEncoding = 4; lastKnownFileType = sourcecode.cpp.objcpp; path = NetworkService.mm; sourceTree = "<group>"; };
		220B1DB0205A78DF00EE68BF /* PushNotifyDelegate.h */ = {isa = PBXFileReference; fileEncoding = 4; lastKnownFileType = sourcecode.c.h; path = PushNotifyDelegate.h; sourceTree = "<group>"; };
		220B1DB1205A78DF00EE68BF /* UINotifyDelegate.h */ = {isa = PBXFileReference; fileEncoding = 4; lastKnownFileType = sourcecode.c.h; path = UINotifyDelegate.h; sourceTree = "<group>"; };
		22B4CA95205A427800CBD82F /* MarsIM.app */ = {isa = PBXFileReference; explicitFileType = wrapper.application; includeInIndex = 0; path = MarsIM.app; sourceTree = BUILT_PRODUCTS_DIR; };
		22B4CA98205A427800CBD82F /* AppDelegate.h */ = {isa = PBXFileReference; lastKnownFileType = sourcecode.c.h; path = AppDelegate.h; sourceTree = "<group>"; };
		22B4CA99205A427800CBD82F /* AppDelegate.m */ = {isa = PBXFileReference; lastKnownFileType = sourcecode.c.objc; path = AppDelegate.m; sourceTree = "<group>"; };
		22B4CA9B205A427800CBD82F /* ViewController.h */ = {isa = PBXFileReference; lastKnownFileType = sourcecode.c.h; path = ViewController.h; sourceTree = "<group>"; };
		22B4CA9C205A427800CBD82F /* ViewController.m */ = {isa = PBXFileReference; lastKnownFileType = sourcecode.c.objc; path = ViewController.m; sourceTree = "<group>"; };
		22B4CA9F205A427800CBD82F /* Base */ = {isa = PBXFileReference; lastKnownFileType = file.storyboard; name = Base; path = Base.lproj/Main.storyboard; sourceTree = "<group>"; };
		22B4CAA1205A427800CBD82F /* Assets.xcassets */ = {isa = PBXFileReference; lastKnownFileType = folder.assetcatalog; path = Assets.xcassets; sourceTree = "<group>"; };
		22B4CAA4205A427800CBD82F /* Base */ = {isa = PBXFileReference; lastKnownFileType = file.storyboard; name = Base; path = Base.lproj/LaunchScreen.storyboard; sourceTree = "<group>"; };
		22B4CAA6205A427800CBD82F /* Info.plist */ = {isa = PBXFileReference; lastKnownFileType = text.plist.xml; path = Info.plist; sourceTree = "<group>"; };
		22B4CAA7205A427800CBD82F /* main.m */ = {isa = PBXFileReference; lastKnownFileType = sourcecode.c.objc; path = main.m; sourceTree = "<group>"; };
		22B4CB4C205A481600CBD82F /* Foundation.framework */ = {isa = PBXFileReference; lastKnownFileType = wrapper.framework; name = Foundation.framework; path = System/Library/Frameworks/Foundation.framework; sourceTree = SDKROOT; };
		22B4CB4E205A482200CBD82F /* libz.tbd */ = {isa = PBXFileReference; lastKnownFileType = "sourcecode.text-based-dylib-definition"; name = libz.tbd; path = usr/lib/libz.tbd; sourceTree = SDKROOT; };
		22B4CB50205A482B00CBD82F /* SystemConfiguration.framework */ = {isa = PBXFileReference; lastKnownFileType = wrapper.framework; name = SystemConfiguration.framework; path = System/Library/Frameworks/SystemConfiguration.framework; sourceTree = SDKROOT; };
		22B4CB52205A484100CBD82F /* CoreTelephony.framework */ = {isa = PBXFileReference; lastKnownFileType = wrapper.framework; name = CoreTelephony.framework; path = System/Library/Frameworks/CoreTelephony.framework; sourceTree = SDKROOT; };
		22B4CB54205A485B00CBD82F /* UIKit.framework */ = {isa = PBXFileReference; lastKnownFileType = wrapper.framework; name = UIKit.framework; path = System/Library/Frameworks/UIKit.framework; sourceTree = SDKROOT; };
		22B4CB56205A488800CBD82F /* libsqlite3.tbd */ = {isa = PBXFileReference; lastKnownFileType = "sourcecode.text-based-dylib-definition"; name = libsqlite3.tbd; path = usr/lib/libsqlite3.tbd; sourceTree = SDKROOT; };
		22B4CB58205A489800CBD82F /* libresolv.tbd */ = {isa = PBXFileReference; lastKnownFileType = "sourcecode.text-based-dylib-definition"; name = libresolv.tbd; path = usr/lib/libresolv.tbd; sourceTree = SDKROOT; };
/* End PBXFileReference section */

/* Begin PBXFrameworksBuildPhase section */
		22B4CA92205A427800CBD82F /* Frameworks */ = {
			isa = PBXFrameworksBuildPhase;
			buildActionMask = 2147483647;
			files = (
				220B1DC1205A78DF00EE68BF /* mars.framework in Frameworks */,
				220B1C97205A762400EE68BF /* libresolv.9.tbd in Frameworks */,
				220B1C95205A75E500EE68BF /* mars.framework in Frameworks */,
				22B4CB57205A488800CBD82F /* libsqlite3.tbd in Frameworks */,
				22B4CB55205A485B00CBD82F /* UIKit.framework in Frameworks */,
				22B4CB53205A484100CBD82F /* CoreTelephony.framework in Frameworks */,
				22B4CB51205A482B00CBD82F /* SystemConfiguration.framework in Frameworks */,
				22B4CB4F205A482200CBD82F /* libz.tbd in Frameworks */,
				22B4CB4D205A481600CBD82F /* Foundation.framework in Frameworks */,
			);
			runOnlyForDeploymentPostprocessing = 0;
		};
/* End PBXFrameworksBuildPhase section */

/* Begin PBXGroup section */
		220B1D41205A78DF00EE68BF /* LongLink */ = {
			isa = PBXGroup;
			children = (
				220B1D42205A78DF00EE68BF /* Bussiness */,
				220B1D45205A78DF00EE68BF /* CustomeProto */,
				220B1D52205A78DF00EE68BF /* Dispatch */,
				220B1D5B205A78DF00EE68BF /* LogComponent */,
				220B1D60205A78DF00EE68BF /* Mars */,
				220B1D68205A78DF00EE68BF /* Protobuf */,
				220B1DA9205A78DF00EE68BF /* Tools */,
			);
			path = LongLink;
			sourceTree = "<group>";
		};
		220B1D42205A78DF00EE68BF /* Bussiness */ = {
			isa = PBXGroup;
			children = (
				220B1D43205A78DF00EE68BF /* Proto */,
				220B1D44205A78DF00EE68BF /* Task */,
			);
			path = Bussiness;
			sourceTree = "<group>";
		};
		220B1D43205A78DF00EE68BF /* Proto */ = {
			isa = PBXGroup;
			children = (
			);
			path = Proto;
			sourceTree = "<group>";
		};
		220B1D44205A78DF00EE68BF /* Task */ = {
			isa = PBXGroup;
			children = (
			);
			path = Task;
			sourceTree = "<group>";
		};
		220B1D45205A78DF00EE68BF /* CustomeProto */ = {
			isa = PBXGroup;
			children = (
				220B1D46205A78DF00EE68BF /* Chat.pbobjc.h */,
				220B1D47205A78DF00EE68BF /* Chat.pbobjc.m */,
				220B1D48205A78DF00EE68BF /* chat.proto */,
				220B1D49205A78DF00EE68BF /* Main.pbobjc.h */,
				220B1D4A205A78DF00EE68BF /* Main.pbobjc.m */,
				220B1D4B205A78DF00EE68BF /* main.proto */,
				220B1D4C205A78DF00EE68BF /* Messagepush.pbobjc.h */,
				220B1D4D205A78DF00EE68BF /* Messagepush.pbobjc.m */,
				220B1D4E205A78DF00EE68BF /* messagepush.proto */,
				220B1D4F205A78DF00EE68BF /* Person.pbobjc.h */,
				220B1D50205A78DF00EE68BF /* Person.pbobjc.m */,
				220B1D51205A78DF00EE68BF /* Person.proto */,
			);
			path = CustomeProto;
			sourceTree = "<group>";
		};
		220B1D52205A78DF00EE68BF /* Dispatch */ = {
			isa = PBXGroup;
			children = (
				220B1D53205A78DF00EE68BF /* app_callback.h */,
				220B1D54205A78DF00EE68BF /* app_callback.mm */,
				220B1D55205A78DF00EE68BF /* CGITask.h */,
				220B1D56205A78DF00EE68BF /* CGITask.mm */,
				220B1D57205A78DF00EE68BF /* NetworkStatus.h */,
				220B1D58205A78DF00EE68BF /* NetworkStatus.m */,
				220B1D59205A78DF00EE68BF /* stn_callback.h */,
				220B1D5A205A78DF00EE68BF /* stn_callback.mm */,
			);
			path = Dispatch;
			sourceTree = "<group>";
		};
		220B1D5B205A78DF00EE68BF /* LogComponent */ = {
			isa = PBXGroup;
			children = (
				220B1D5C205A78DF00EE68BF /* LogHelper.h */,
				220B1D5D205A78DF00EE68BF /* LogHelper.mm */,
				220B1D5E205A78DF00EE68BF /* LogUtil.h */,
				220B1D5F205A78DF00EE68BF /* LogUtil.m */,
			);
			path = LogComponent;
			sourceTree = "<group>";
		};
		220B1D60205A78DF00EE68BF /* Mars */ = {
			isa = PBXGroup;
			children = (
				220B1D61205A78DF00EE68BF /* Source */,
			);
			path = Mars;
			sourceTree = "<group>";
		};
		220B1D61205A78DF00EE68BF /* Source */ = {
			isa = PBXGroup;
			children = (
				220B1D62205A78DF00EE68BF /* longlink_packer.cc */,
				220B1D63205A78DF00EE68BF /* longlink_packer.h */,
				220B1D64205A78DF00EE68BF /* mars.framework */,
				220B1D65205A78DF00EE68BF /* shortlink_packer.cc */,
				220B1D66205A78DF00EE68BF /* shortlink_packer.h */,
				220B1D67205A78DF00EE68BF /* stnproto_logic.h */,
			);
			path = Source;
			sourceTree = "<group>";
		};
		220B1D68205A78DF00EE68BF /* Protobuf */ = {
			isa = PBXGroup;
			children = (
				220B1D69205A78DF00EE68BF /* Classes */,
				220B1D94205A78DF00EE68BF /* protobuf */,
			);
			path = Protobuf;
			sourceTree = "<group>";
		};
		220B1D69205A78DF00EE68BF /* Classes */ = {
			isa = PBXGroup;
			children = (
				220B1D6A205A78DF00EE68BF /* GPBArray.h */,
				220B1D6B205A78DF00EE68BF /* GPBArray.m */,
				220B1D6C205A78DF00EE68BF /* GPBArray_PackagePrivate.h */,
				220B1D6D205A78DF00EE68BF /* GPBBootstrap.h */,
				220B1D6E205A78DF00EE68BF /* GPBCodedInputStream.h */,
				220B1D6F205A78DF00EE68BF /* GPBCodedInputStream.m */,
				220B1D70205A78DF00EE68BF /* GPBCodedInputStream_PackagePrivate.h */,
				220B1D71205A78DF00EE68BF /* GPBCodedOutputStream.h */,
				220B1D72205A78DF00EE68BF /* GPBCodedOutputStream.m */,
				220B1D73205A78DF00EE68BF /* GPBCodedOutputStream_PackagePrivate.h */,
				220B1D74205A78DF00EE68BF /* GPBDescriptor.h */,
				220B1D75205A78DF00EE68BF /* GPBDescriptor.m */,
				220B1D76205A78DF00EE68BF /* GPBDescriptor_PackagePrivate.h */,
				220B1D77205A78DF00EE68BF /* GPBDictionary.h */,
				220B1D78205A78DF00EE68BF /* GPBDictionary.m */,
				220B1D79205A78DF00EE68BF /* GPBDictionary_PackagePrivate.h */,
				220B1D7A205A78DF00EE68BF /* GPBExtensionInternals.h */,
				220B1D7B205A78DF00EE68BF /* GPBExtensionInternals.m */,
				220B1D7C205A78DF00EE68BF /* GPBExtensionRegistry.h */,
				220B1D7D205A78DF00EE68BF /* GPBExtensionRegistry.m */,
				220B1D7E205A78DF00EE68BF /* GPBMessage.h */,
				220B1D7F205A78DF00EE68BF /* GPBMessage.m */,
				220B1D80205A78DF00EE68BF /* GPBMessage_PackagePrivate.h */,
				220B1D81205A78DF00EE68BF /* GPBProtocolBuffers.h */,
				220B1D82205A78DF00EE68BF /* GPBProtocolBuffers_RuntimeSupport.h */,
				220B1D83205A78DF00EE68BF /* GPBRootObject.h */,
				220B1D84205A78DF00EE68BF /* GPBRootObject.m */,
				220B1D85205A78DF00EE68BF /* GPBRootObject_PackagePrivate.h */,
				220B1D86205A78DF00EE68BF /* GPBRuntimeTypes.h */,
				220B1D87205A78DF00EE68BF /* GPBUnknownField.h */,
				220B1D88205A78DF00EE68BF /* GPBUnknownField.m */,
				220B1D89205A78DF00EE68BF /* GPBUnknownField_PackagePrivate.h */,
				220B1D8A205A78DF00EE68BF /* GPBUnknownFieldSet.h */,
				220B1D8B205A78DF00EE68BF /* GPBUnknownFieldSet.m */,
				220B1D8C205A78DF00EE68BF /* GPBUnknownFieldSet_PackagePrivate.h */,
				220B1D8D205A78DF00EE68BF /* GPBUtilities.h */,
				220B1D8E205A78DF00EE68BF /* GPBUtilities.m */,
				220B1D8F205A78DF00EE68BF /* GPBUtilities_PackagePrivate.h */,
				220B1D90205A78DF00EE68BF /* GPBWellKnownTypes.h */,
				220B1D91205A78DF00EE68BF /* GPBWellKnownTypes.m */,
				220B1D92205A78DF00EE68BF /* GPBWireFormat.h */,
				220B1D93205A78DF00EE68BF /* GPBWireFormat.m */,
			);
			path = Classes;
			sourceTree = "<group>";
		};
		220B1D94205A78DF00EE68BF /* protobuf */ = {
			isa = PBXGroup;
			children = (
				220B1D95205A78DF00EE68BF /* Any.pbobjc.h */,
				220B1D96205A78DF00EE68BF /* Any.pbobjc.m */,
				220B1D97205A78DF00EE68BF /* Api.pbobjc.h */,
				220B1D98205A78DF00EE68BF /* Api.pbobjc.m */,
				220B1D99205A78DF00EE68BF /* Duration.pbobjc.h */,
				220B1D9A205A78DF00EE68BF /* Duration.pbobjc.m */,
				220B1D9B205A78DF00EE68BF /* Empty.pbobjc.h */,
				220B1D9C205A78DF00EE68BF /* Empty.pbobjc.m */,
				220B1D9D205A78DF00EE68BF /* FieldMask.pbobjc.h */,
				220B1D9E205A78DF00EE68BF /* FieldMask.pbobjc.m */,
				220B1D9F205A78DF00EE68BF /* SourceContext.pbobjc.h */,
				220B1DA0205A78DF00EE68BF /* SourceContext.pbobjc.m */,
				220B1DA1205A78DF00EE68BF /* Struct.pbobjc.h */,
				220B1DA2205A78DF00EE68BF /* Struct.pbobjc.m */,
				220B1DA3205A78DF00EE68BF /* Timestamp.pbobjc.h */,
				220B1DA4205A78DF00EE68BF /* Timestamp.pbobjc.m */,
				220B1DA5205A78DF00EE68BF /* Type.pbobjc.h */,
				220B1DA6205A78DF00EE68BF /* Type.pbobjc.m */,
				220B1DA7205A78DF00EE68BF /* Wrappers.pbobjc.h */,
				220B1DA8205A78DF00EE68BF /* Wrappers.pbobjc.m */,
			);
			path = protobuf;
			sourceTree = "<group>";
		};
		220B1DA9205A78DF00EE68BF /* Tools */ = {
			isa = PBXGroup;
			children = (
				220B1DAA205A78DF00EE68BF /* CommandID.h */,
				220B1DAB205A78DF00EE68BF /* LongLinkTool.h */,
				220B1DAC205A78DF00EE68BF /* LongLinkTool.mm */,
				220B1DAD205A78DF00EE68BF /* NetworkDelegate.h */,
				220B1DAE205A78DF00EE68BF /* NetworkService.h */,
				220B1DAF205A78DF00EE68BF /* NetworkService.mm */,
				220B1DB0205A78DF00EE68BF /* PushNotifyDelegate.h */,
				220B1DB1205A78DF00EE68BF /* UINotifyDelegate.h */,
			);
			path = Tools;
			sourceTree = "<group>";
		};
		22B4CA8C205A427800CBD82F = {
			isa = PBXGroup;
			children = (
				22B4CA97205A427800CBD82F /* MarsIM */,
				22B4CA96205A427800CBD82F /* Products */,
				22B4CB4B205A481600CBD82F /* Frameworks */,
			);
			sourceTree = "<group>";
		};
		22B4CA96205A427800CBD82F /* Products */ = {
			isa = PBXGroup;
			children = (
				22B4CA95205A427800CBD82F /* MarsIM.app */,
			);
			name = Products;
			sourceTree = "<group>";
		};
		22B4CA97205A427800CBD82F /* MarsIM */ = {
			isa = PBXGroup;
			children = (
				220B1D41205A78DF00EE68BF /* LongLink */,
				22B4CAAE205A429700CBD82F /* Basic */,
				22B4CAA1205A427800CBD82F /* Assets.xcassets */,
				22B4CAA3205A427800CBD82F /* LaunchScreen.storyboard */,
				22B4CAA6205A427800CBD82F /* Info.plist */,
				22B4CAA7205A427800CBD82F /* main.m */,
			);
			path = MarsIM;
			sourceTree = "<group>";
		};
		22B4CAAE205A429700CBD82F /* Basic */ = {
			isa = PBXGroup;
			children = (
				22B4CA98205A427800CBD82F /* AppDelegate.h */,
				22B4CA99205A427800CBD82F /* AppDelegate.m */,
				22B4CA9B205A427800CBD82F /* ViewController.h */,
				22B4CA9C205A427800CBD82F /* ViewController.m */,
				22B4CA9E205A427800CBD82F /* Main.storyboard */,
			);
			path = Basic;
			sourceTree = "<group>";
		};
		22B4CB4B205A481600CBD82F /* Frameworks */ = {
			isa = PBXGroup;
			children = (
				220B1C96205A762400EE68BF /* libresolv.9.tbd */,
				220B1C94205A75E500EE68BF /* mars.framework */,
				22B4CB58205A489800CBD82F /* libresolv.tbd */,
				22B4CB56205A488800CBD82F /* libsqlite3.tbd */,
				22B4CB54205A485B00CBD82F /* UIKit.framework */,
				22B4CB52205A484100CBD82F /* CoreTelephony.framework */,
				22B4CB50205A482B00CBD82F /* SystemConfiguration.framework */,
				22B4CB4E205A482200CBD82F /* libz.tbd */,
				22B4CB4C205A481600CBD82F /* Foundation.framework */,
			);
			name = Frameworks;
			sourceTree = "<group>";
		};
/* End PBXGroup section */

/* Begin PBXNativeTarget section */
		22B4CA94205A427800CBD82F /* MarsIM */ = {
			isa = PBXNativeTarget;
			buildConfigurationList = 22B4CAAB205A427800CBD82F /* Build configuration list for PBXNativeTarget "MarsIM" */;
			buildPhases = (
				22B4CA91205A427800CBD82F /* Sources */,
				22B4CA92205A427800CBD82F /* Frameworks */,
				22B4CA93205A427800CBD82F /* Resources */,
			);
			buildRules = (
			);
			dependencies = (
			);
			name = MarsIM;
			productName = MarsIM;
			productReference = 22B4CA95205A427800CBD82F /* MarsIM.app */;
			productType = "com.apple.product-type.application";
		};
/* End PBXNativeTarget section */

/* Begin PBXProject section */
		22B4CA8D205A427800CBD82F /* Project object */ = {
			isa = PBXProject;
			attributes = {
				LastUpgradeCheck = 0920;
				ORGANIZATIONNAME = zzg;
				TargetAttributes = {
					22B4CA94205A427800CBD82F = {
						CreatedOnToolsVersion = 9.2;
						ProvisioningStyle = Automatic;
					};
				};
			};
			buildConfigurationList = 22B4CA90205A427800CBD82F /* Build configuration list for PBXProject "MarsIM" */;
			compatibilityVersion = "Xcode 8.0";
			developmentRegion = en;
			hasScannedForEncodings = 0;
			knownRegions = (
				en,
				Base,
			);
			mainGroup = 22B4CA8C205A427800CBD82F;
			productRefGroup = 22B4CA96205A427800CBD82F /* Products */;
			projectDirPath = "";
			projectRoot = "";
			targets = (
				22B4CA94205A427800CBD82F /* MarsIM */,
			);
		};
/* End PBXProject section */

/* Begin PBXResourcesBuildPhase section */
		22B4CA93205A427800CBD82F /* Resources */ = {
			isa = PBXResourcesBuildPhase;
			buildActionMask = 2147483647;
			files = (
				220B1DB3205A78DF00EE68BF /* chat.proto in Resources */,
				220B1DB9205A78DF00EE68BF /* Person.proto in Resources */,
				220B1DB5205A78DF00EE68BF /* main.proto in Resources */,
				220B1DB7205A78DF00EE68BF /* messagepush.proto in Resources */,
				22B4CAA5205A427800CBD82F /* LaunchScreen.storyboard in Resources */,
				22B4CAA2205A427800CBD82F /* Assets.xcassets in Resources */,
				22B4CAA0205A427800CBD82F /* Main.storyboard in Resources */,
			);
			runOnlyForDeploymentPostprocessing = 0;
		};
/* End PBXResourcesBuildPhase section */

/* Begin PBXSourcesBuildPhase section */
		22B4CA91205A427800CBD82F /* Sources */ = {
			isa = PBXSourcesBuildPhase;
			buildActionMask = 2147483647;
			files = (
				220B1DC5205A78DF00EE68BF /* GPBCodedOutputStream.m in Sources */,
				220B1DCC205A78DF00EE68BF /* GPBUnknownField.m in Sources */,
				220B1DBC205A78DF00EE68BF /* NetworkStatus.m in Sources */,
				220B1DDB205A78DF00EE68BF /* LongLinkTool.mm in Sources */,
				220B1DC2205A78DF00EE68BF /* shortlink_packer.cc in Sources */,
				220B1DCD205A78DF00EE68BF /* GPBUnknownFieldSet.m in Sources */,
				220B1DD7205A78DF00EE68BF /* Struct.pbobjc.m in Sources */,
				220B1DB8205A78DF00EE68BF /* Person.pbobjc.m in Sources */,
				220B1DBB205A78DF00EE68BF /* CGITask.mm in Sources */,
				220B1DD5205A78DF00EE68BF /* FieldMask.pbobjc.m in Sources */,
				220B1DD2205A78DF00EE68BF /* Api.pbobjc.m in Sources */,
				220B1DCA205A78DF00EE68BF /* GPBMessage.m in Sources */,
				220B1DC7205A78DF00EE68BF /* GPBDictionary.m in Sources */,
				220B1DB6205A78DF00EE68BF /* Messagepush.pbobjc.m in Sources */,
				220B1DC6205A78DF00EE68BF /* GPBDescriptor.m in Sources */,
				220B1DC9205A78DF00EE68BF /* GPBExtensionRegistry.m in Sources */,
				220B1DB4205A78DF00EE68BF /* Main.pbobjc.m in Sources */,
				220B1DD8205A78DF00EE68BF /* Timestamp.pbobjc.m in Sources */,
				220B1DCF205A78DF00EE68BF /* GPBWellKnownTypes.m in Sources */,
				220B1DC0205A78DF00EE68BF /* longlink_packer.cc in Sources */,
				220B1DD3205A78DF00EE68BF /* Duration.pbobjc.m in Sources */,
				220B1DDA205A78DF00EE68BF /* Wrappers.pbobjc.m in Sources */,
				220B1DD6205A78DF00EE68BF /* SourceContext.pbobjc.m in Sources */,
				220B1DD0205A78DF00EE68BF /* GPBWireFormat.m in Sources */,
				220B1DD9205A78DF00EE68BF /* Type.pbobjc.m in Sources */,
				22B4CA9D205A427800CBD82F /* ViewController.m in Sources */,
				220B1DCE205A78DF00EE68BF /* GPBUtilities.m in Sources */,
				220B1DC4205A78DF00EE68BF /* GPBCodedInputStream.m in Sources */,
				220B1DCB205A78DF00EE68BF /* GPBRootObject.m in Sources */,
				220B1DBA205A78DF00EE68BF /* app_callback.mm in Sources */,
				22B4CAA8205A427800CBD82F /* main.m in Sources */,
				220B1DC8205A78DF00EE68BF /* GPBExtensionInternals.m in Sources */,
				220B1DD1205A78DF00EE68BF /* Any.pbobjc.m in Sources */,
				220B1DD4205A78DF00EE68BF /* Empty.pbobjc.m in Sources */,
				220B1DB2205A78DF00EE68BF /* Chat.pbobjc.m in Sources */,
				22B4CA9A205A427800CBD82F /* AppDelegate.m in Sources */,
				220B1DBF205A78DF00EE68BF /* LogUtil.m in Sources */,
				220B1DC3205A78DF00EE68BF /* GPBArray.m in Sources */,
				220B1DDC205A78DF00EE68BF /* NetworkService.mm in Sources */,
				220B1DBE205A78DF00EE68BF /* LogHelper.mm in Sources */,
				220B1DBD205A78DF00EE68BF /* stn_callback.mm in Sources */,
			);
			runOnlyForDeploymentPostprocessing = 0;
		};
/* End PBXSourcesBuildPhase section */

/* Begin PBXVariantGroup section */
		22B4CA9E205A427800CBD82F /* Main.storyboard */ = {
			isa = PBXVariantGroup;
			children = (
				22B4CA9F205A427800CBD82F /* Base */,
			);
			name = Main.storyboard;
			sourceTree = "<group>";
		};
		22B4CAA3205A427800CBD82F /* LaunchScreen.storyboard */ = {
			isa = PBXVariantGroup;
			children = (
				22B4CAA4205A427800CBD82F /* Base */,
			);
			name = LaunchScreen.storyboard;
			sourceTree = "<group>";
		};
/* End PBXVariantGroup section */

/* Begin XCBuildConfiguration section */
		22B4CAA9205A427800CBD82F /* Debug */ = {
			isa = XCBuildConfiguration;
			buildSettings = {
				ALWAYS_SEARCH_USER_PATHS = NO;
				CLANG_ANALYZER_NONNULL = YES;
				CLANG_ANALYZER_NUMBER_OBJECT_CONVERSION = YES_AGGRESSIVE;
				CLANG_CXX_LANGUAGE_STANDARD = "gnu++14";
				CLANG_CXX_LIBRARY = "libc++";
				CLANG_ENABLE_MODULES = YES;
				CLANG_ENABLE_OBJC_ARC = YES;
				CLANG_WARN_BLOCK_CAPTURE_AUTORELEASING = YES;
				CLANG_WARN_BOOL_CONVERSION = YES;
				CLANG_WARN_COMMA = YES;
				CLANG_WARN_CONSTANT_CONVERSION = YES;
				CLANG_WARN_DIRECT_OBJC_ISA_USAGE = YES_ERROR;
				CLANG_WARN_DOCUMENTATION_COMMENTS = YES;
				CLANG_WARN_EMPTY_BODY = YES;
				CLANG_WARN_ENUM_CONVERSION = YES;
				CLANG_WARN_INFINITE_RECURSION = YES;
				CLANG_WARN_INT_CONVERSION = YES;
				CLANG_WARN_NON_LITERAL_NULL_CONVERSION = YES;
				CLANG_WARN_OBJC_LITERAL_CONVERSION = YES;
				CLANG_WARN_OBJC_ROOT_CLASS = YES_ERROR;
				CLANG_WARN_RANGE_LOOP_ANALYSIS = YES;
				CLANG_WARN_STRICT_PROTOTYPES = YES;
				CLANG_WARN_SUSPICIOUS_MOVE = YES;
				CLANG_WARN_UNGUARDED_AVAILABILITY = YES_AGGRESSIVE;
				CLANG_WARN_UNREACHABLE_CODE = YES;
				CLANG_WARN__DUPLICATE_METHOD_MATCH = YES;
				CODE_SIGN_IDENTITY = "iPhone Developer";
				COPY_PHASE_STRIP = NO;
				DEBUG_INFORMATION_FORMAT = dwarf;
				ENABLE_STRICT_OBJC_MSGSEND = YES;
				ENABLE_TESTABILITY = YES;
				GCC_C_LANGUAGE_STANDARD = gnu11;
				GCC_DYNAMIC_NO_PIC = NO;
				GCC_NO_COMMON_BLOCKS = YES;
				GCC_OPTIMIZATION_LEVEL = 0;
				GCC_PREPROCESSOR_DEFINITIONS = (
					"DEBUG=1",
					"$(inherited)",
				);
				GCC_WARN_64_TO_32_BIT_CONVERSION = YES;
				GCC_WARN_ABOUT_RETURN_TYPE = YES_ERROR;
				GCC_WARN_UNDECLARED_SELECTOR = YES;
				GCC_WARN_UNINITIALIZED_AUTOS = YES_AGGRESSIVE;
				GCC_WARN_UNUSED_FUNCTION = YES;
				GCC_WARN_UNUSED_VARIABLE = YES;
				IPHONEOS_DEPLOYMENT_TARGET = 11.2;
				MTL_ENABLE_DEBUG_INFO = YES;
				ONLY_ACTIVE_ARCH = YES;
				SDKROOT = iphoneos;
			};
			name = Debug;
		};
		22B4CAAA205A427800CBD82F /* Release */ = {
			isa = XCBuildConfiguration;
			buildSettings = {
				ALWAYS_SEARCH_USER_PATHS = NO;
				CLANG_ANALYZER_NONNULL = YES;
				CLANG_ANALYZER_NUMBER_OBJECT_CONVERSION = YES_AGGRESSIVE;
				CLANG_CXX_LANGUAGE_STANDARD = "gnu++14";
				CLANG_CXX_LIBRARY = "libc++";
				CLANG_ENABLE_MODULES = YES;
				CLANG_ENABLE_OBJC_ARC = YES;
				CLANG_WARN_BLOCK_CAPTURE_AUTORELEASING = YES;
				CLANG_WARN_BOOL_CONVERSION = YES;
				CLANG_WARN_COMMA = YES;
				CLANG_WARN_CONSTANT_CONVERSION = YES;
				CLANG_WARN_DIRECT_OBJC_ISA_USAGE = YES_ERROR;
				CLANG_WARN_DOCUMENTATION_COMMENTS = YES;
				CLANG_WARN_EMPTY_BODY = YES;
				CLANG_WARN_ENUM_CONVERSION = YES;
				CLANG_WARN_INFINITE_RECURSION = YES;
				CLANG_WARN_INT_CONVERSION = YES;
				CLANG_WARN_NON_LITERAL_NULL_CONVERSION = YES;
				CLANG_WARN_OBJC_LITERAL_CONVERSION = YES;
				CLANG_WARN_OBJC_ROOT_CLASS = YES_ERROR;
				CLANG_WARN_RANGE_LOOP_ANALYSIS = YES;
				CLANG_WARN_STRICT_PROTOTYPES = YES;
				CLANG_WARN_SUSPICIOUS_MOVE = YES;
				CLANG_WARN_UNGUARDED_AVAILABILITY = YES_AGGRESSIVE;
				CLANG_WARN_UNREACHABLE_CODE = YES;
				CLANG_WARN__DUPLICATE_METHOD_MATCH = YES;
				CODE_SIGN_IDENTITY = "iPhone Developer";
				COPY_PHASE_STRIP = NO;
				DEBUG_INFORMATION_FORMAT = "dwarf-with-dsym";
				ENABLE_NS_ASSERTIONS = NO;
				ENABLE_STRICT_OBJC_MSGSEND = YES;
				GCC_C_LANGUAGE_STANDARD = gnu11;
				GCC_NO_COMMON_BLOCKS = YES;
				GCC_WARN_64_TO_32_BIT_CONVERSION = YES;
				GCC_WARN_ABOUT_RETURN_TYPE = YES_ERROR;
				GCC_WARN_UNDECLARED_SELECTOR = YES;
				GCC_WARN_UNINITIALIZED_AUTOS = YES_AGGRESSIVE;
				GCC_WARN_UNUSED_FUNCTION = YES;
				GCC_WARN_UNUSED_VARIABLE = YES;
				IPHONEOS_DEPLOYMENT_TARGET = 11.2;
				MTL_ENABLE_DEBUG_INFO = NO;
				SDKROOT = iphoneos;
				VALIDATE_PRODUCT = YES;
			};
			name = Release;
		};
		22B4CAAC205A427800CBD82F /* Debug */ = {
			isa = XCBuildConfiguration;
			buildSettings = {
				ASSETCATALOG_COMPILER_APPICON_NAME = AppIcon;
				CODE_SIGN_STYLE = Automatic;
				DEVELOPMENT_TEAM = XUPKLW5884;
				FRAMEWORK_SEARCH_PATHS = (
					"$(inherited)",
					"$(PROJECT_DIR)/MarsIM/LongLink/Mars/Source",
					"$(PROJECT_DIR)/MarsIM/LongLink/Mars",
				);
				INFOPLIST_FILE = MarsIM/Info.plist;
				IPHONEOS_DEPLOYMENT_TARGET = 8.0;
				LD_RUNPATH_SEARCH_PATHS = "$(inherited) @executable_path/Frameworks";
				PRODUCT_BUNDLE_IDENTIFIER = test.MarsIM;
				PRODUCT_NAME = "$(TARGET_NAME)";
				TARGETED_DEVICE_FAMILY = "1,2";
			};
			name = Debug;
		};
		22B4CAAD205A427800CBD82F /* Release */ = {
			isa = XCBuildConfiguration;
			buildSettings = {
				ASSETCATALOG_COMPILER_APPICON_NAME = AppIcon;
				CODE_SIGN_STYLE = Automatic;
				DEVELOPMENT_TEAM = XUPKLW5884;
				FRAMEWORK_SEARCH_PATHS = (
					"$(inherited)",
					"$(PROJECT_DIR)/MarsIM/LongLink/Mars/Source",
					"$(PROJECT_DIR)/MarsIM/LongLink/Mars",
				);
				INFOPLIST_FILE = MarsIM/Info.plist;
				IPHONEOS_DEPLOYMENT_TARGET = 8.0;
				LD_RUNPATH_SEARCH_PATHS = "$(inherited) @executable_path/Frameworks";
				PRODUCT_BUNDLE_IDENTIFIER = test.MarsIM;
				PRODUCT_NAME = "$(TARGET_NAME)";
				TARGETED_DEVICE_FAMILY = "1,2";
			};
			name = Release;
		};
/* End XCBuildConfiguration section */

/* Begin XCConfigurationList section */
		22B4CA90205A427800CBD82F /* Build configuration list for PBXProject "MarsIM" */ = {
			isa = XCConfigurationList;
			buildConfigurations = (
				22B4CAA9205A427800CBD82F /* Debug */,
				22B4CAAA205A427800CBD82F /* Release */,
			);
			defaultConfigurationIsVisible = 0;
			defaultConfigurationName = Release;
		};
		22B4CAAB205A427800CBD82F /* Build configuration list for PBXNativeTarget "MarsIM" */ = {
			isa = XCConfigurationList;
			buildConfigurations = (
				22B4CAAC205A427800CBD82F /* Debug */,
				22B4CAAD205A427800CBD82F /* Release */,
			);
			defaultConfigurationIsVisible = 0;
			defaultConfigurationName = Release;
		};
/* End XCConfigurationList section */
	};
	rootObject = 22B4CA8D205A427800CBD82F /* Project object */;
}
